
Microsoft Visual Studio Solution File, Format Version 12.00
# Visual Studio Version 17
VisualStudioVersion = 17.14.36705.20 d17.14
MinimumVisualStudioVersion = 10.0.40219.1
Project("{FAE04EC0-301F-11D3-BF4B-00C04F79EFBC}") = "HaneenStore2.PL", "HaneenStore2.PL\HaneenStore2.PL.csproj", "{E7D7DD75-806A-4E08-AA1C-6A34537E09FF}"
EndProject
Project("{FAE04EC0-301F-11D3-BF4B-00C04F79EFBC}") = "HaneenStore2.DAL", "HaneenStore2.DAL\HaneenStore2.DAL.csproj", "{16893FAF-E3FC-41C8-9D94-AE0277EF0664}"
EndProject
Project("{FAE04EC0-301F-11D3-BF4B-00C04F79EFBC}") = "HaneenStore2.BLL", "HaneenStore2.BLL\HaneenStore2.BLL.csproj", "{14864A2B-8C01-49EA-9391-79D590172FA7}"
EndProject
Global
	GlobalSection(SolutionConfigurationPlatforms) = preSolution
		Debug|Any CPU = Debug|Any CPU
		Release|Any CPU = Release|Any CPU
	EndGlobalSection
	GlobalSection(ProjectConfigurationPlatforms) = postSolution
		{E7D7DD75-806A-4E08-AA1C-6A34537E09FF}.Debug|Any CPU.ActiveCfg = Debug|Any CPU
		{E7D7DD75-806A-4E08-AA1C-6A34537E09FF}.Debug|Any CPU.Build.0 = Debug|Any CPU
		{E7D7DD75-806A-4E08-AA1C-6A34537E09FF}.Release|Any CPU.ActiveCfg = Release|Any CPU
		{E7D7DD75-806A-4E08-AA1C-6A34537E09FF}.Release|Any CPU.Build.0 = Release|Any CPU
		{16893FAF-E3FC-41C8-9D94-AE0277EF0664}.Debug|Any CPU.ActiveCfg = Debug|Any CPU
		{16893FAF-E3FC-41C8-9D94-AE0277EF0664}.Debug|Any CPU.Build.0 = Debug|Any CPU
		{16893FAF-E3FC-41C8-9D94-AE0277EF0664}.Release|Any CPU.ActiveCfg = Release|Any CPU
		{16893FAF-E3FC-41C8-9D94-AE0277EF0664}.Release|Any CPU.Build.0 = Release|Any CPU
		{14864A2B-8C01-49EA-9391-79D590172FA7}.Debug|Any CPU.ActiveCfg = Debug|Any CPU
		{14864A2B-8C01-49EA-9391-79D590172FA7}.Debug|Any CPU.Build.0 = Debug|Any CPU
		{14864A2B-8C01-49EA-9391-79D590172FA7}.Release|Any CPU.ActiveCfg = Release|Any CPU
		{14864A2B-8C01-49EA-9391-79D590172FA7}.Release|Any CPU.Build.0 = Release|Any CPU
	EndGlobalSection
	GlobalSection(SolutionProperties) = preSolution
		HideSolutionNode = FALSE
	EndGlobalSection
	GlobalSection(ExtensibilityGlobals) = postSolution
		SolutionGuid = {9C2FCBDC-FFFC-44BF-A5B5-004D4F3B3E5D}
	EndGlobalSection
EndGlobal
